// !$*UTF8*$!
{
	archiveVersion = 1;
	classes = {
	};
	objectVersion = 77;
	objects = {

/* Begin PBXBuildFile section */
		AB174CAE2D8AFDEC002F6E44 /* WidgetKit.framework in Frameworks */ = {isa = PBXBuildFile; fileRef = AB174CAD2D8AFDEB002F6E44 /* WidgetKit.framework */; };
		AB174CB02D8AFDEC002F6E44 /* SwiftUI.framework in Frameworks */ = {isa = PBXBuildFile; fileRef = AB174CAF2D8AFDEC002F6E44 /* SwiftUI.framework */; };
		ABA2F4C32D8C5934000044EB /* Savings WidgetsExtension.appex in Embed Foundation Extensions */ = {isa = PBXBuildFile; fileRef = AB174CAB2D8AFDEB002F6E44 /* Savings WidgetsExtension.appex */; settings = {ATTRIBUTES = (RemoveHeadersOnCopy, ); }; };
/* End PBXBuildFile section */

/* Begin PBXContainerItemProxy section */
		ABA2F4BD2D8C54BC000044EB /* PBXContainerItemProxy */ = {
			isa = PBXContainerItemProxy;
			containerPortal = ABE100772D88B26200019AA7 /* Project object */;
			proxyType = 1;
			remoteGlobalIDString = AB174CAA2D8AFDEB002F6E44;
			remoteInfo = "Savings WidgetsExtension";
		};
		ABA2F4C02D8C585C000044EB /* PBXContainerItemProxy */ = {
			isa = PBXContainerItemProxy;
			containerPortal = ABE100772D88B26200019AA7 /* Project object */;
			proxyType = 1;
			remoteGlobalIDString = AB174CAA2D8AFDEB002F6E44;
			remoteInfo = "Savings WidgetsExtension";
		};
		ABE100912D88B26400019AA7 /* PBXContainerItemProxy */ = {
			isa = PBXContainerItemProxy;
			containerPortal = ABE100772D88B26200019AA7 /* Project object */;
			proxyType = 1;
			remoteGlobalIDString = ABE1007E2D88B26200019AA7;
			remoteInfo = "Savings Jar";
		};
		ABE1009B2D88B26400019AA7 /* PBXContainerItemProxy */ = {
			isa = PBXContainerItemProxy;
			containerPortal = ABE100772D88B26200019AA7 /* Project object */;
			proxyType = 1;
			remoteGlobalIDString = ABE1007E2D88B26200019AA7;
			remoteInfo = "Savings Jar";
		};
/* End PBXContainerItemProxy section */

/* Begin PBXCopyFilesBuildPhase section */
		ABA2F4C22D8C585C000044EB /* Embed Foundation Extensions */ = {
			isa = PBXCopyFilesBuildPhase;
			buildActionMask = 2147483647;
			dstPath = "";
			dstSubfolderSpec = 13;
			files = (
				ABA2F4C32D8C5934000044EB /* Savings WidgetsExtension.appex in Embed Foundation Extensions */,
			);
			name = "Embed Foundation Extensions";
			runOnlyForDeploymentPostprocessing = 0;
		};
/* End PBXCopyFilesBuildPhase section */

/* Begin PBXFileReference section */
		AB174CAB2D8AFDEB002F6E44 /* Savings WidgetsExtension.appex */ = {isa = PBXFileReference; explicitFileType = "wrapper.app-extension"; includeInIndex = 0; path = "Savings WidgetsExtension.appex"; sourceTree = BUILT_PRODUCTS_DIR; };
		AB174CAD2D8AFDEB002F6E44 /* WidgetKit.framework */ = {isa = PBXFileReference; lastKnownFileType = wrapper.framework; name = WidgetKit.framework; path = System/Library/Frameworks/WidgetKit.framework; sourceTree = SDKROOT; };
		AB174CAF2D8AFDEC002F6E44 /* SwiftUI.framework */ = {isa = PBXFileReference; lastKnownFileType = wrapper.framework; name = SwiftUI.framework; path = System/Library/Frameworks/SwiftUI.framework; sourceTree = SDKROOT; };
		ABA2F4C42D8C5BCC000044EB /* Savings WidgetsExtensionRelease.entitlements */ = {isa = PBXFileReference; lastKnownFileType = text.plist.entitlements; path = "Savings WidgetsExtensionRelease.entitlements"; sourceTree = "<group>"; };
		ABE1007F2D88B26200019AA7 /* Savings Jar.app */ = {isa = PBXFileReference; explicitFileType = wrapper.application; includeInIndex = 0; path = "Savings Jar.app"; sourceTree = BUILT_PRODUCTS_DIR; };
		ABE100902D88B26400019AA7 /* Savings JarTests.xctest */ = {isa = PBXFileReference; explicitFileType = wrapper.cfbundle; includeInIndex = 0; path = "Savings JarTests.xctest"; sourceTree = BUILT_PRODUCTS_DIR; };
		ABE1009A2D88B26400019AA7 /* Savings JarUITests.xctest */ = {isa = PBXFileReference; explicitFileType = wrapper.cfbundle; includeInIndex = 0; path = "Savings JarUITests.xctest"; sourceTree = BUILT_PRODUCTS_DIR; };
/* End PBXFileReference section */

/* Begin PBXFileSystemSynchronizedBuildFileExceptionSet section */
		AB174CBD2D8AFDEE002F6E44 /* Exceptions for "Savings Widgets" folder in "Savings WidgetsExtension" target */ = {
			isa = PBXFileSystemSynchronizedBuildFileExceptionSet;
			membershipExceptions = (
				Info.plist,
			);
			target = AB174CAA2D8AFDEB002F6E44 /* Savings WidgetsExtension */;
		};
		AB174CC32D8B056F002F6E44 /* Exceptions for "Savings Jar" folder in "Savings WidgetsExtension" target */ = {
			isa = PBXFileSystemSynchronizedBuildFileExceptionSet;
			membershipExceptions = (
				SavingsWidgets/Model/SavingsDataProvider.swift,
				SavingsWidgets/Model/SimplifiedSavingsJar.swift,
				SavingsWidgets/Model/WidgetSavingsJar.swift,
				SavingsWidgets/SavingsWidgetBundle.swift,
				SavingsWidgets/SavingsWidgetProvider.swift,
				SavingsWidgets/SavingsWidgets.swift,
				SavingsWidgets/Views/LargeSavingsWidgetView.swift,
				SavingsWidgets/Views/MediumSavingsWidgetView.swift,
				SavingsWidgets/Views/SmallSavingsWidgetView.swift,
			);
			target = AB174CAA2D8AFDEB002F6E44 /* Savings WidgetsExtension */;
		};
		ABA2F4B42D8B1B4A000044EB /* Exceptions for "Savings Jar" folder in "Savings Jar" target */ = {
			isa = PBXFileSystemSynchronizedBuildFileExceptionSet;
			membershipExceptions = (
				SavingsWidgets/Model/SavingsDataProvider.swift,
				SavingsWidgets/Model/SimplifiedSavingsJar.swift,
				SavingsWidgets/Model/WidgetSavingsJar.swift,
				SavingsWidgets/SavingsWidgetBundle.swift,
				SavingsWidgets/SavingsWidgetProvider.swift,
				SavingsWidgets/SavingsWidgets.swift,
				SavingsWidgets/Views/LargeSavingsWidgetView.swift,
				SavingsWidgets/Views/MediumSavingsWidgetView.swift,
				SavingsWidgets/Views/SmallSavingsWidgetView.swift,
			);
			target = ABE1007E2D88B26200019AA7 /* Savings Jar */;
		};
/* End PBXFileSystemSynchronizedBuildFileExceptionSet section */

/* Begin PBXFileSystemSynchronizedRootGroup section */
		AB174CB12D8AFDEC002F6E44 /* Savings Widgets */ = {
			isa = PBXFileSystemSynchronizedRootGroup;
			exceptions = (
				AB174CBD2D8AFDEE002F6E44 /* Exceptions for "Savings Widgets" folder in "Savings WidgetsExtension" target */,
			);
			path = "Savings Widgets";
			sourceTree = "<group>";
		};
		ABE100812D88B26200019AA7 /* Savings Jar */ = {
			isa = PBXFileSystemSynchronizedRootGroup;
			exceptions = (
				ABA2F4B42D8B1B4A000044EB /* Exceptions for "Savings Jar" folder in "Savings Jar" target */,
				AB174CC32D8B056F002F6E44 /* Exceptions for "Savings Jar" folder in "Savings WidgetsExtension" target */,
			);
			path = "Savings Jar";
			sourceTree = "<group>";
		};
		ABE100932D88B26400019AA7 /* Savings JarTests */ = {
			isa = PBXFileSystemSynchronizedRootGroup;
			path = "Savings JarTests";
			sourceTree = "<group>";
		};
		ABE1009D2D88B26400019AA7 /* Savings JarUITests */ = {
			isa = PBXFileSystemSynchronizedRootGroup;
			path = "Savings JarUITests";
			sourceTree = "<group>";
		};
/* End PBXFileSystemSynchronizedRootGroup section */

/* Begin PBXFrameworksBuildPhase section */
		AB174CA82D8AFDEB002F6E44 /* Frameworks */ = {
			isa = PBXFrameworksBuildPhase;
			buildActionMask = 2147483647;
			files = (
				AB174CB02D8AFDEC002F6E44 /* SwiftUI.framework in Frameworks */,
				AB174CAE2D8AFDEC002F6E44 /* WidgetKit.framework in Frameworks */,
			);
			runOnlyForDeploymentPostprocessing = 0;
		};
		ABE1007C2D88B26200019AA7 /* Frameworks */ = {
			isa = PBXFrameworksBuildPhase;
			buildActionMask = 2147483647;
			files = (
			);
			runOnlyForDeploymentPostprocessing = 0;
		};
		ABE1008D2D88B26400019AA7 /* Frameworks */ = {
			isa = PBXFrameworksBuildPhase;
			buildActionMask = 2147483647;
			files = (
			);
			runOnlyForDeploymentPostprocessing = 0;
		};
		ABE100972D88B26400019AA7 /* Frameworks */ = {
			isa = PBXFrameworksBuildPhase;
			buildActionMask = 2147483647;
			files = (
			);
			runOnlyForDeploymentPostprocessing = 0;
		};
/* End PBXFrameworksBuildPhase section */

/* Begin PBXGroup section */
		AB174CAC2D8AFDEB002F6E44 /* Frameworks */ = {
			isa = PBXGroup;
			children = (
				AB174CAD2D8AFDEB002F6E44 /* WidgetKit.framework */,
				AB174CAF2D8AFDEC002F6E44 /* SwiftUI.framework */,
			);
			name = Frameworks;
			sourceTree = "<group>";
		};
		ABE100762D88B26200019AA7 = {
			isa = PBXGroup;
			children = (
				ABA2F4C42D8C5BCC000044EB /* Savings WidgetsExtensionRelease.entitlements */,
				ABE100812D88B26200019AA7 /* Savings Jar */,
				ABE100932D88B26400019AA7 /* Savings JarTests */,
				ABE1009D2D88B26400019AA7 /* Savings JarUITests */,
				AB174CB12D8AFDEC002F6E44 /* Savings Widgets */,
				AB174CAC2D8AFDEB002F6E44 /* Frameworks */,
				ABE100802D88B26200019AA7 /* Products */,
			);
			sourceTree = "<group>";
		};
		ABE100802D88B26200019AA7 /* Products */ = {
			isa = PBXGroup;
			children = (
				ABE1007F2D88B26200019AA7 /* Savings Jar.app */,
				ABE100902D88B26400019AA7 /* Savings JarTests.xctest */,
				ABE1009A2D88B26400019AA7 /* Savings JarUITests.xctest */,
				AB174CAB2D8AFDEB002F6E44 /* Savings WidgetsExtension.appex */,
			);
			name = Products;
			sourceTree = "<group>";
		};
/* End PBXGroup section */

/* Begin PBXNativeTarget section */
		AB174CAA2D8AFDEB002F6E44 /* Savings WidgetsExtension */ = {
			isa = PBXNativeTarget;
			buildConfigurationList = AB174CBE2D8AFDEE002F6E44 /* Build configuration list for PBXNativeTarget "Savings WidgetsExtension" */;
			buildPhases = (
				AB174CA72D8AFDEB002F6E44 /* Sources */,
				AB174CA82D8AFDEB002F6E44 /* Frameworks */,
				AB174CA92D8AFDEB002F6E44 /* Resources */,
			);
			buildRules = (
			);
			dependencies = (
			);
			fileSystemSynchronizedGroups = (
				AB174CB12D8AFDEC002F6E44 /* Savings Widgets */,
			);
			name = "Savings WidgetsExtension";
			packageProductDependencies = (
			);
			productName = "Savings WidgetsExtension";
			productReference = AB174CAB2D8AFDEB002F6E44 /* Savings WidgetsExtension.appex */;
			productType = "com.apple.product-type.app-extension";
		};
		ABE1007E2D88B26200019AA7 /* Savings Jar */ = {
			isa = PBXNativeTarget;
			buildConfigurationList = ABE100A42D88B26400019AA7 /* Build configuration list for PBXNativeTarget "Savings Jar" */;
			buildPhases = (
				ABE1007B2D88B26200019AA7 /* Sources */,
				ABE1007C2D88B26200019AA7 /* Frameworks */,
				ABE1007D2D88B26200019AA7 /* Resources */,
				ABA2F4C22D8C585C000044EB /* Embed Foundation Extensions */,
			);
			buildRules = (
			);
			dependencies = (
				ABA2F4BE2D8C54BC000044EB /* PBXTargetDependency */,
				ABA2F4C12D8C585C000044EB /* PBXTargetDependency */,
			);
			fileSystemSynchronizedGroups = (
				ABE100812D88B26200019AA7 /* Savings Jar */,
			);
			name = "Savings Jar";
			packageProductDependencies = (
			);
			productName = "Savings Jar";
			productReference = ABE1007F2D88B26200019AA7 /* Savings Jar.app */;
			productType = "com.apple.product-type.application";
		};
		ABE1008F2D88B26400019AA7 /* Savings JarTests */ = {
			isa = PBXNativeTarget;
			buildConfigurationList = ABE100A72D88B26400019AA7 /* Build configuration list for PBXNativeTarget "Savings JarTests" */;
			buildPhases = (
				ABE1008C2D88B26400019AA7 /* Sources */,
				ABE1008D2D88B26400019AA7 /* Frameworks */,
				ABE1008E2D88B26400019AA7 /* Resources */,
			);
			buildRules = (
			);
			dependencies = (
				ABE100922D88B26400019AA7 /* PBXTargetDependency */,
			);
			fileSystemSynchronizedGroups = (
				ABE100932D88B26400019AA7 /* Savings JarTests */,
			);
			name = "Savings JarTests";
			packageProductDependencies = (
			);
			productName = "Savings JarTests";
			productReference = ABE100902D88B26400019AA7 /* Savings JarTests.xctest */;
			productType = "com.apple.product-type.bundle.unit-test";
		};
		ABE100992D88B26400019AA7 /* Savings JarUITests */ = {
			isa = PBXNativeTarget;
			buildConfigurationList = ABE100AA2D88B26400019AA7 /* Build configuration list for PBXNativeTarget "Savings JarUITests" */;
			buildPhases = (
				ABE100962D88B26400019AA7 /* Sources */,
				ABE100972D88B26400019AA7 /* Frameworks */,
				ABE100982D88B26400019AA7 /* Resources */,
			);
			buildRules = (
			);
			dependencies = (
				ABE1009C2D88B26400019AA7 /* PBXTargetDependency */,
			);
			fileSystemSynchronizedGroups = (
				ABE1009D2D88B26400019AA7 /* Savings JarUITests */,
			);
			name = "Savings JarUITests";
			packageProductDependencies = (
			);
			productName = "Savings JarUITests";
			productReference = ABE1009A2D88B26400019AA7 /* Savings JarUITests.xctest */;
			productType = "com.apple.product-type.bundle.ui-testing";
		};
/* End PBXNativeTarget section */

/* Begin PBXProject section */
		ABE100772D88B26200019AA7 /* Project object */ = {
			isa = PBXProject;
			attributes = {
				BuildIndependentTargetsInParallel = 1;
				LastSwiftUpdateCheck = 1620;
				LastUpgradeCheck = 1620;
				TargetAttributes = {
					AB174CAA2D8AFDEB002F6E44 = {
						CreatedOnToolsVersion = 16.2;
					};
					ABE1007E2D88B26200019AA7 = {
						CreatedOnToolsVersion = 16.2;
						LastSwiftMigration = 1620;
					};
					ABE1008F2D88B26400019AA7 = {
						CreatedOnToolsVersion = 16.2;
						TestTargetID = ABE1007E2D88B26200019AA7;
					};
					ABE100992D88B26400019AA7 = {
						CreatedOnToolsVersion = 16.2;
						TestTargetID = ABE1007E2D88B26200019AA7;
					};
				};
			};
			buildConfigurationList = ABE1007A2D88B26200019AA7 /* Build configuration list for PBXProject "Savings Jar" */;
			developmentRegion = en;
			hasScannedForEncodings = 0;
			knownRegions = (
				en,
				Base,
			);
			mainGroup = ABE100762D88B26200019AA7;
			minimizedProjectReferenceProxies = 1;
			preferredProjectObjectVersion = 77;
			productRefGroup = ABE100802D88B26200019AA7 /* Products */;
			projectDirPath = "";
			projectRoot = "";
			targets = (
				ABE1007E2D88B26200019AA7 /* Savings Jar */,
				ABE1008F2D88B26400019AA7 /* Savings JarTests */,
				ABE100992D88B26400019AA7 /* Savings JarUITests */,
				AB174CAA2D8AFDEB002F6E44 /* Savings WidgetsExtension */,
			);
		};
/* End PBXProject section */

/* Begin PBXResourcesBuildPhase section */
		AB174CA92D8AFDEB002F6E44 /* Resources */ = {
			isa = PBXResourcesBuildPhase;
			buildActionMask = 2147483647;
			files = (
			);
			runOnlyForDeploymentPostprocessing = 0;
		};
		ABE1007D2D88B26200019AA7 /* Resources */ = {
			isa = PBXResourcesBuildPhase;
			buildActionMask = 2147483647;
			files = (
			);
			runOnlyForDeploymentPostprocessing = 0;
		};
		ABE1008E2D88B26400019AA7 /* Resources */ = {
			isa = PBXResourcesBuildPhase;
			buildActionMask = 2147483647;
			files = (
			);
			runOnlyForDeploymentPostprocessing = 0;
		};
		ABE100982D88B26400019AA7 /* Resources */ = {
			isa = PBXResourcesBuildPhase;
			buildActionMask = 2147483647;
			files = (
			);
			runOnlyForDeploymentPostprocessing = 0;
		};
/* End PBXResourcesBuildPhase section */

/* Begin PBXSourcesBuildPhase section */
		AB174CA72D8AFDEB002F6E44 /* Sources */ = {
			isa = PBXSourcesBuildPhase;
			buildActionMask = 2147483647;
			files = (
			);
			runOnlyForDeploymentPostprocessing = 0;
		};
		ABE1007B2D88B26200019AA7 /* Sources */ = {
			isa = PBXSourcesBuildPhase;
			buildActionMask = 2147483647;
			files = (
			);
			runOnlyForDeploymentPostprocessing = 0;
		};
		ABE1008C2D88B26400019AA7 /* Sources */ = {
			isa = PBXSourcesBuildPhase;
			buildActionMask = 2147483647;
			files = (
			);
			runOnlyForDeploymentPostprocessing = 0;
		};
		ABE100962D88B26400019AA7 /* Sources */ = {
			isa = PBXSourcesBuildPhase;
			buildActionMask = 2147483647;
			files = (
			);
			runOnlyForDeploymentPostprocessing = 0;
		};
/* End PBXSourcesBuildPhase section */

/* Begin PBXTargetDependency section */
		ABA2F4BE2D8C54BC000044EB /* PBXTargetDependency */ = {
			isa = PBXTargetDependency;
			target = AB174CAA2D8AFDEB002F6E44 /* Savings WidgetsExtension */;
			targetProxy = ABA2F4BD2D8C54BC000044EB /* PBXContainerItemProxy */;
		};
		ABA2F4C12D8C585C000044EB /* PBXTargetDependency */ = {
			isa = PBXTargetDependency;
			target = AB174CAA2D8AFDEB002F6E44 /* Savings WidgetsExtension */;
			targetProxy = ABA2F4C02D8C585C000044EB /* PBXContainerItemProxy */;
		};
		ABE100922D88B26400019AA7 /* PBXTargetDependency */ = {
			isa = PBXTargetDependency;
			target = ABE1007E2D88B26200019AA7 /* Savings Jar */;
			targetProxy = ABE100912D88B26400019AA7 /* PBXContainerItemProxy */;
		};
		ABE1009C2D88B26400019AA7 /* PBXTargetDependency */ = {
			isa = PBXTargetDependency;
			target = ABE1007E2D88B26200019AA7 /* Savings Jar */;
			targetProxy = ABE1009B2D88B26400019AA7 /* PBXContainerItemProxy */;
		};
/* End PBXTargetDependency section */

/* Begin XCBuildConfiguration section */
		AB174CBF2D8AFDEE002F6E44 /* Debug */ = {
			isa = XCBuildConfiguration;
			buildSettings = {
				ASSETCATALOG_COMPILER_GLOBAL_ACCENT_COLOR_NAME = AccentColor;
				ASSETCATALOG_COMPILER_WIDGET_BACKGROUND_COLOR_NAME = WidgetBackground;
				CODE_SIGN_ENTITLEMENTS = "Savings Widgets/Savings_Widgets.entitlements";
				CODE_SIGN_STYLE = Automatic;
				CURRENT_PROJECT_VERSION = 1.3.0;
				DEVELOPMENT_TEAM = F834LV38QX;
				ENABLE_HARDENED_RUNTIME = YES;
				GENERATE_INFOPLIST_FILE = YES;
				INFOPLIST_FILE = "Savings Widgets/Info.plist";
				INFOPLIST_KEY_CFBundleDisplayName = "Savings WidgetsExtension";
				INFOPLIST_KEY_NSHumanReadableCopyright = "";
				INSTALL_PATH = "$(LOCAL_LIBRARY_DIR)/PlugIns";
				LD_RUNPATH_SEARCH_PATHS = (
					"$(inherited)",
					"@executable_path/../Frameworks",
					"@executable_path/../../../../Frameworks",
				);
				MARKETING_VERSION = 1.3.0;
				PRODUCT_BUNDLE_IDENTIFIER = "Savings-Jar.Savings-Widgets";
				PRODUCT_NAME = "$(TARGET_NAME)";
				SKIP_INSTALL = NO;
				STRIP_INSTALLED_PRODUCT = YES;
				SWIFT_EMIT_LOC_STRINGS = YES;
				SWIFT_VERSION = 5.0;
			};
			name = Debug;
		};
		AB174CC02D8AFDEE002F6E44 /* Release */ = {
			isa = XCBuildConfiguration;
			buildSettings = {
				ASSETCATALOG_COMPILER_GLOBAL_ACCENT_COLOR_NAME = AccentColor;
				ASSETCATALOG_COMPILER_WIDGET_BACKGROUND_COLOR_NAME = WidgetBackground;
				CODE_SIGN_ENTITLEMENTS = "Savings Widgets/Savings_Widgets.entitlements";
				CODE_SIGN_STYLE = Automatic;
				CURRENT_PROJECT_VERSION = 1.3.0;
				DEVELOPMENT_TEAM = F834LV38QX;
				ENABLE_HARDENED_RUNTIME = YES;
				GENERATE_INFOPLIST_FILE = YES;
				INFOPLIST_FILE = "Savings Widgets/Info.plist";
				INFOPLIST_KEY_CFBundleDisplayName = "Savings WidgetsExtension";
				INFOPLIST_KEY_NSHumanReadableCopyright = "";
				INSTALL_PATH = "$(LOCAL_LIBRARY_DIR)/PlugIns";
				LD_RUNPATH_SEARCH_PATHS = (
					"$(inherited)",
					"@executable_path/../Frameworks",
					"@executable_path/../../../../Frameworks",
				);
				MARKETING_VERSION = 1.3.0;
				PRODUCT_BUNDLE_IDENTIFIER = "Savings-Jar.Savings-Widgets";
				PRODUCT_NAME = "$(TARGET_NAME)";
				SKIP_INSTALL = NO;
				SWIFT_EMIT_LOC_STRINGS = YES;
				SWIFT_VERSION = 5.0;
			};
			name = Release;
		};
		ABE100A22D88B26400019AA7 /* Debug */ = {
			isa = XCBuildConfiguration;
			buildSettings = {
				ALWAYS_SEARCH_USER_PATHS = NO;
				ASSETCATALOG_COMPILER_GENERATE_SWIFT_ASSET_SYMBOL_EXTENSIONS = YES;
				CLANG_ANALYZER_NONNULL = YES;
				CLANG_ANALYZER_NUMBER_OBJECT_CONVERSION = YES_AGGRESSIVE;
				CLANG_CXX_LANGUAGE_STANDARD = "gnu++20";
				CLANG_ENABLE_MODULES = YES;
				CLANG_ENABLE_OBJC_ARC = YES;
				CLANG_ENABLE_OBJC_WEAK = YES;
				CLANG_WARN_BLOCK_CAPTURE_AUTORELEASING = YES;
				CLANG_WARN_BOOL_CONVERSION = YES;
				CLANG_WARN_COMMA = YES;
				CLANG_WARN_CONSTANT_CONVERSION = YES;
				CLANG_WARN_DEPRECATED_OBJC_IMPLEMENTATIONS = YES;
				CLANG_WARN_DIRECT_OBJC_ISA_USAGE = YES_ERROR;
				CLANG_WARN_DOCUMENTATION_COMMENTS = YES;
				CLANG_WARN_EMPTY_BODY = YES;
				CLANG_WARN_ENUM_CONVERSION = YES;
				CLANG_WARN_INFINITE_RECURSION = YES;
				CLANG_WARN_INT_CONVERSION = YES;
				CLANG_WARN_NON_LITERAL_NULL_CONVERSION = YES;
				CLANG_WARN_OBJC_IMPLICIT_RETAIN_SELF = YES;
				CLANG_WARN_OBJC_LITERAL_CONVERSION = YES;
				CLANG_WARN_OBJC_ROOT_CLASS = YES_ERROR;
				CLANG_WARN_QUOTED_INCLUDE_IN_FRAMEWORK_HEADER = YES;
				CLANG_WARN_RANGE_LOOP_ANALYSIS = YES;
				CLANG_WARN_STRICT_PROTOTYPES = YES;
				CLANG_WARN_SUSPICIOUS_MOVE = YES;
				CLANG_WARN_UNGUARDED_AVAILABILITY = YES_AGGRESSIVE;
				CLANG_WARN_UNREACHABLE_CODE = YES;
				CLANG_WARN__DUPLICATE_METHOD_MATCH = YES;
				COPY_PHASE_STRIP = NO;
				DEBUG_INFORMATION_FORMAT = dwarf;
				ENABLE_STRICT_OBJC_MSGSEND = YES;
				ENABLE_TESTABILITY = YES;
				ENABLE_USER_SCRIPT_SANDBOXING = YES;
				GCC_C_LANGUAGE_STANDARD = gnu17;
				GCC_DYNAMIC_NO_PIC = NO;
				GCC_NO_COMMON_BLOCKS = YES;
				GCC_OPTIMIZATION_LEVEL = 0;
				GCC_PREPROCESSOR_DEFINITIONS = (
					"DEBUG=1",
					"$(inherited)",
				);
				GCC_WARN_64_TO_32_BIT_CONVERSION = YES;
				GCC_WARN_ABOUT_RETURN_TYPE = YES_ERROR;
				GCC_WARN_UNDECLARED_SELECTOR = YES;
				GCC_WARN_UNINITIALIZED_AUTOS = YES_AGGRESSIVE;
				GCC_WARN_UNUSED_FUNCTION = YES;
				GCC_WARN_UNUSED_VARIABLE = YES;
				LOCALIZATION_PREFERS_STRING_CATALOGS = YES;
				MACOSX_DEPLOYMENT_TARGET = 15.2;
				MTL_ENABLE_DEBUG_INFO = INCLUDE_SOURCE;
				MTL_FAST_MATH = YES;
				ONLY_ACTIVE_ARCH = YES;
				SDKROOT = macosx;
				SWIFT_ACTIVE_COMPILATION_CONDITIONS = "DEBUG $(inherited)";
				SWIFT_OPTIMIZATION_LEVEL = "-Onone";
			};
			name = Debug;
		};
		ABE100A32D88B26400019AA7 /* Release */ = {
			isa = XCBuildConfiguration;
			buildSettings = {
				ALWAYS_SEARCH_USER_PATHS = NO;
				ASSETCATALOG_COMPILER_GENERATE_SWIFT_ASSET_SYMBOL_EXTENSIONS = YES;
				CLANG_ANALYZER_NONNULL = YES;
				CLANG_ANALYZER_NUMBER_OBJECT_CONVERSION = YES_AGGRESSIVE;
				CLANG_CXX_LANGUAGE_STANDARD = "gnu++20";
				CLANG_ENABLE_MODULES = YES;
				CLANG_ENABLE_OBJC_ARC = YES;
				CLANG_ENABLE_OBJC_WEAK = YES;
				CLANG_WARN_BLOCK_CAPTURE_AUTORELEASING = YES;
				CLANG_WARN_BOOL_CONVERSION = YES;
				CLANG_WARN_COMMA = YES;
				CLANG_WARN_CONSTANT_CONVERSION = YES;
				CLANG_WARN_DEPRECATED_OBJC_IMPLEMENTATIONS = YES;
				CLANG_WARN_DIRECT_OBJC_ISA_USAGE = YES_ERROR;
				CLANG_WARN_DOCUMENTATION_COMMENTS = YES;
				CLANG_WARN_EMPTY_BODY = YES;
				CLANG_WARN_ENUM_CONVERSION = YES;
				CLANG_WARN_INFINITE_RECURSION = YES;
				CLANG_WARN_INT_CONVERSION = YES;
				CLANG_WARN_NON_LITERAL_NULL_CONVERSION = YES;
				CLANG_WARN_OBJC_IMPLICIT_RETAIN_SELF = YES;
				CLANG_WARN_OBJC_LITERAL_CONVERSION = YES;
				CLANG_WARN_OBJC_ROOT_CLASS = YES_ERROR;
				CLANG_WARN_QUOTED_INCLUDE_IN_FRAMEWORK_HEADER = YES;
				CLANG_WARN_RANGE_LOOP_ANALYSIS = YES;
				CLANG_WARN_STRICT_PROTOTYPES = YES;
				CLANG_WARN_SUSPICIOUS_MOVE = YES;
				CLANG_WARN_UNGUARDED_AVAILABILITY = YES_AGGRESSIVE;
				CLANG_WARN_UNREACHABLE_CODE = YES;
				CLANG_WARN__DUPLICATE_METHOD_MATCH = YES;
				COPY_PHASE_STRIP = NO;
				DEBUG_INFORMATION_FORMAT = "dwarf-with-dsym";
				ENABLE_NS_ASSERTIONS = NO;
				ENABLE_STRICT_OBJC_MSGSEND = YES;
				ENABLE_USER_SCRIPT_SANDBOXING = YES;
				GCC_C_LANGUAGE_STANDARD = gnu17;
				GCC_NO_COMMON_BLOCKS = YES;
				GCC_WARN_64_TO_32_BIT_CONVERSION = YES;
				GCC_WARN_ABOUT_RETURN_TYPE = YES_ERROR;
				GCC_WARN_UNDECLARED_SELECTOR = YES;
				GCC_WARN_UNINITIALIZED_AUTOS = YES_AGGRESSIVE;
				GCC_WARN_UNUSED_FUNCTION = YES;
				GCC_WARN_UNUSED_VARIABLE = YES;
				LOCALIZATION_PREFERS_STRING_CATALOGS = YES;
				MACOSX_DEPLOYMENT_TARGET = 15.2;
				MTL_ENABLE_DEBUG_INFO = NO;
				MTL_FAST_MATH = YES;
				SDKROOT = macosx;
				SWIFT_COMPILATION_MODE = wholemodule;
			};
			name = Release;
		};
		ABE100A52D88B26400019AA7 /* Debug */ = {
			isa = XCBuildConfiguration;
			buildSettings = {
				ASSETCATALOG_COMPILER_APPICON_NAME = AppIcon;
				ASSETCATALOG_COMPILER_GLOBAL_ACCENT_COLOR_NAME = AccentColor;
				CLANG_ENABLE_MODULES = YES;
				CODE_SIGN_ENTITLEMENTS = "Savings Jar/Savings_Jar.entitlements";
				"CODE_SIGN_IDENTITY[sdk=macosx*]" = "Apple Development";
				CODE_SIGN_STYLE = Automatic;
				COMBINE_HIDPI_IMAGES = YES;
				CURRENT_PROJECT_VERSION = 1.3.0;
				DEVELOPMENT_ASSET_PATHS = "\"Savings Jar/Preview Content\"";
				DEVELOPMENT_TEAM = F834LV38QX;
				ENABLE_HARDENED_RUNTIME = YES;
				ENABLE_PREVIEWS = YES;
				GENERATE_INFOPLIST_FILE = YES;
				INFOPLIST_KEY_NSHumanReadableCopyright = "";
				LD_RUNPATH_SEARCH_PATHS = (
					"$(inherited)",
					"@executable_path/../Frameworks",
				);
				MARKETING_VERSION = 1.3.0;
				PRODUCT_BUNDLE_IDENTIFIER = "Savings-Jar";
				PRODUCT_NAME = "$(TARGET_NAME)";
				SWIFT_EMIT_LOC_STRINGS = YES;
				SWIFT_OBJC_BRIDGING_HEADER = "Savings Jar/Savings Jar-Bridging-Header.h";
				SWIFT_OPTIMIZATION_LEVEL = "-Onone";
				SWIFT_VERSION = 5.0;
			};
			name = Debug;
		};
		ABE100A62D88B26400019AA7 /* Release */ = {
			isa = XCBuildConfiguration;
			buildSettings = {
				ASSETCATALOG_COMPILER_APPICON_NAME = AppIcon;
				ASSETCATALOG_COMPILER_GLOBAL_ACCENT_COLOR_NAME = AccentColor;
				CLANG_ENABLE_MODULES = YES;
				CODE_SIGN_ENTITLEMENTS = "Savings Jar/Savings_Jar.entitlements";
				"CODE_SIGN_IDENTITY[sdk=macosx*]" = "Apple Development";
				CODE_SIGN_STYLE = Automatic;
				COMBINE_HIDPI_IMAGES = YES;
				CURRENT_PROJECT_VERSION = 1.3.0;
				DEVELOPMENT_ASSET_PATHS = "\"Savings Jar/Preview Content\"";
				DEVELOPMENT_TEAM = F834LV38QX;
				ENABLE_HARDENED_RUNTIME = YES;
				ENABLE_PREVIEWS = YES;
				GENERATE_INFOPLIST_FILE = YES;
				INFOPLIST_KEY_NSHumanReadableCopyright = "";
				LD_RUNPATH_SEARCH_PATHS = (
					"$(inherited)",
					"@executable_path/../Frameworks",
				);
				MARKETING_VERSION = 1.3.0;
				PRODUCT_BUNDLE_IDENTIFIER = "Savings-Jar";
				PRODUCT_NAME = "$(TARGET_NAME)";
				SWIFT_EMIT_LOC_STRINGS = YES;
				SWIFT_OBJC_BRIDGING_HEADER = "Savings Jar/Savings Jar-Bridging-Header.h";
				SWIFT_VERSION = 5.0;
			};
			name = Release;
		};
		ABE100A82D88B26400019AA7 /* Debug */ = {
			isa = XCBuildConfiguration;
			buildSettings = {
				BUNDLE_LOADER = "$(TEST_HOST)";
				CODE_SIGN_STYLE = Automatic;
				CURRENT_PROJECT_VERSION = 1;
				GENERATE_INFOPLIST_FILE = YES;
				MACOSX_DEPLOYMENT_TARGET = 15.2;
				MARKETING_VERSION = 1.0;
				PRODUCT_BUNDLE_IDENTIFIER = "Sullivan-Market-LLC.Savings-JarTests";
				PRODUCT_NAME = "$(TARGET_NAME)";
				SWIFT_EMIT_LOC_STRINGS = NO;
				SWIFT_VERSION = 5.0;
				TEST_HOST = "$(BUILT_PRODUCTS_DIR)/Savings Jar.app/$(BUNDLE_EXECUTABLE_FOLDER_PATH)/Savings Jar";
			};
			name = Debug;
		};
		ABE100A92D88B26400019AA7 /* Release */ = {
			isa = XCBuildConfiguration;
			buildSettings = {
				BUNDLE_LOADER = "$(TEST_HOST)";
				CODE_SIGN_STYLE = Automatic;
				CURRENT_PROJECT_VERSION = 1;
				GENERATE_INFOPLIST_FILE = YES;
				MACOSX_DEPLOYMENT_TARGET = 15.2;
				MARKETING_VERSION = 1.0;
				PRODUCT_BUNDLE_IDENTIFIER = "Sullivan-Market-LLC.Savings-JarTests";
				PRODUCT_NAME = "$(TARGET_NAME)";
				SWIFT_EMIT_LOC_STRINGS = NO;
				SWIFT_VERSION = 5.0;
				TEST_HOST = "$(BUILT_PRODUCTS_DIR)/Savings Jar.app/$(BUNDLE_EXECUTABLE_FOLDER_PATH)/Savings Jar";
			};
			name = Release;
		};
		ABE100AB2D88B26400019AA7 /* Debug */ = {
			isa = XCBuildConfiguration;
			buildSettings = {
				CODE_SIGN_STYLE = Automatic;
				CURRENT_PROJECT_VERSION = 1;
				GENERATE_INFOPLIST_FILE = YES;
				MARKETING_VERSION = 1.0;
				PRODUCT_BUNDLE_IDENTIFIER = "Sullivan-Market-LLC.Savings-JarUITests";
				PRODUCT_NAME = "$(TARGET_NAME)";
				SWIFT_EMIT_LOC_STRINGS = NO;
				SWIFT_VERSION = 5.0;
				TEST_TARGET_NAME = "Savings Jar";
			};
			name = Debug;
		};
		ABE100AC2D88B26400019AA7 /* Release */ = {
			isa = XCBuildConfiguration;
			buildSettings = {
				CODE_SIGN_STYLE = Automatic;
				CURRENT_PROJECT_VERSION = 1;
				GENERATE_INFOPLIST_FILE = YES;
				MARKETING_VERSION = 1.0;
				PRODUCT_BUNDLE_IDENTIFIER = "Sullivan-Market-LLC.Savings-JarUITests";
				PRODUCT_NAME = "$(TARGET_NAME)";
				SWIFT_EMIT_LOC_STRINGS = NO;
				SWIFT_VERSION = 5.0;
				TEST_TARGET_NAME = "Savings Jar";
			};
			name = Release;
		};
/* End XCBuildConfiguration section */

/* Begin XCConfigurationList section */
		AB174CBE2D8AFDEE002F6E44 /* Build configuration list for PBXNativeTarget "Savings WidgetsExtension" */ = {
			isa = XCConfigurationList;
			buildConfigurations = (
				AB174CBF2D8AFDEE002F6E44 /* Debug */,
				AB174CC02D8AFDEE002F6E44 /* Release */,
			);
			defaultConfigurationIsVisible = 0;
			defaultConfigurationName = Release;
		};
		ABE1007A2D88B26200019AA7 /* Build configuration list for PBXProject "Savings Jar" */ = {
			isa = XCConfigurationList;
			buildConfigurations = (
				ABE100A22D88B26400019AA7 /* Debug */,
				ABE100A32D88B26400019AA7 /* Release */,
			);
			defaultConfigurationIsVisible = 0;
			defaultConfigurationName = Release;
		};
		ABE100A42D88B26400019AA7 /* Build configuration list for PBXNativeTarget "Savings Jar" */ = {
			isa = XCConfigurationList;
			buildConfigurations = (
				ABE100A52D88B26400019AA7 /* Debug */,
				ABE100A62D88B26400019AA7 /* Release */,
			);
			defaultConfigurationIsVisible = 0;
			defaultConfigurationName = Release;
		};
		ABE100A72D88B26400019AA7 /* Build configuration list for PBXNativeTarget "Savings JarTests" */ = {
			isa = XCConfigurationList;
			buildConfigurations = (
				ABE100A82D88B26400019AA7 /* Debug */,
				ABE100A92D88B26400019AA7 /* Release */,
			);
			defaultConfigurationIsVisible = 0;
			defaultConfigurationName = Release;
		};
		ABE100AA2D88B26400019AA7 /* Build configuration list for PBXNativeTarget "Savings JarUITests" */ = {
			isa = XCConfigurationList;
			buildConfigurations = (
				ABE100AB2D88B26400019AA7 /* Debug */,
				ABE100AC2D88B26400019AA7 /* Release */,
			);
			defaultConfigurationIsVisible = 0;
			defaultConfigurationName = Release;
		};
/* End XCConfigurationList section */
	};
	rootObject = ABE100772D88B26200019AA7 /* Project object */;
}
